
Microsoft Visual Studio Solution File, Format Version 12.00
# Visual Studio Version 16
VisualStudioVersion = 16.0.28803.452
MinimumVisualStudioVersion = 10.0.40219.1
Project("{FAE04EC0-301F-11D3-BF4B-00C04F79EFBC}") = "WPF_project", "WPF_project\WPF_project.csproj", "{71669E64-F979-40CE-8FC1-F74734E77EB9}"
EndProject
Global
	GlobalSection(SolutionConfigurationPlatforms) = preSolution
		Debug|Any CPU = Debug|Any CPU
		Release|Any CPU = Release|Any CPU
	EndGlobalSection
	GlobalSection(ProjectConfigurationPlatforms) = postSolution
		{71669E64-F979-40CE-8FC1-F74734E77EB9}.Debug|Any CPU.ActiveCfg = Debug|Any CPU
		{71669E64-F979-40CE-8FC1-F74734E77EB9}.Debug|Any CPU.Build.0 = Debug|Any CPU
		{71669E64-F979-40CE-8FC1-F74734E77EB9}.Release|Any CPU.ActiveCfg = Release|Any CPU
		{71669E64-F979-40CE-8FC1-F74734E77EB9}.Release|Any CPU.Build.0 = Release|Any CPU
	EndGlobalSection
	GlobalSection(SolutionProperties) = preSolution
		HideSolutionNode = FALSE
	EndGlobalSection
	GlobalSection(ExtensibilityGlobals) = postSolution
		SolutionGuid = {10EDBFD8-4526-4D71-9C3A-35909EFE4738}
	EndGlobalSection
EndGlobal
